// !$*UTF8*$!
{
	archiveVersion = 1;
	classes = {
	};
	objectVersion = 77;
	objects = {

/* Begin PBXBuildFile section */
		DF6127572FC90EE8001A2CD9 /* GroupCardView.swift in Sources */ = {isa = PBXBuildFile; fileRef = DF6127492FC90EE8001A2CD9 /* GroupCardView.swift */; };
		DF6127582FC90EE8001A2CD9 /* GroupView.swift in Sources */ = {isa = PBXBuildFile; fileRef = DF61274A2FC90EE8001A2CD9 /* GroupView.swift */; };
		DF6127592FC90EE8001A2CD9 /* Group.swift in Sources */ = {isa = PBXBuildFile; fileRef = DF61274D2FC90EE8001A2CD9 /* Group.swift */; };
		DF61275A2FC90EE8001A2CD9 /* Player.swift in Sources */ = {isa = PBXBuildFile; fileRef = DF61274E2FC90EE8001A2CD9 /* Player.swift */; };
		DF61275B2FC90EE8001A2CD9 /* Team.swift in Sources */ = {isa = PBXBuildFile; fileRef = DF61274F2FC90EE8001A2CD9 /* Team.swift */; };
		DF61275C2FC90EE8001A2CD9 /* GroupManager.swift in Sources */ = {isa = PBXBuildFile; fileRef = DF6127512FC90EE8001A2CD9 /* GroupManager.swift */; };
		DF61275D2FC90EE8001A2CD9 /* GroupViewModel.swift in Sources */ = {isa = PBXBuildFile; fileRef = DF6127522FC90EE8001A2CD9 /* GroupViewModel.swift */; };
		DF61275F2FC90EE8001A2CD9 /* teamgeneratorApp.swift in Sources */ = {isa = PBXBuildFile; fileRef = DF6127562FC90EE8001A2CD9 /* teamgeneratorApp.swift */; };
		DF6127602FC90EE8001A2CD9 /* Assets.xcassets in Resources */ = {isa = PBXBuildFile; fileRef = DF6127542FC90EE8001A2CD9 /* Assets.xcassets */; };
		DF6127762FC91693001A2CD9 /* GroupHeaderView.swift in Sources */ = {isa = PBXBuildFile; fileRef = DF6127752FC91693001A2CD9 /* GroupHeaderView.swift */; };
		DF6127782FC918A2001A2CD9 /* Colors.xcassets in Resources */ = {isa = PBXBuildFile; fileRef = DF6127772FC918A2001A2CD9 /* Colors.xcassets */; };
		DF61277A2FC91C98001A2CD9 /* GroupViewState.swift in Sources */ = {isa = PBXBuildFile; fileRef = DF6127792FC91C98001A2CD9 /* GroupViewState.swift */; };
		DF61277C2FC91CAF001A2CD9 /* GroupViewModelProtocol.swift in Sources */ = {isa = PBXBuildFile; fileRef = DF61277B2FC91CAF001A2CD9 /* GroupViewModelProtocol.swift */; };
/* End PBXBuildFile section */

/* Begin PBXContainerItemProxy section */
		FE7E33BF2FAB95ED0063F699 /* PBXContainerItemProxy */ = {
			isa = PBXContainerItemProxy;
			containerPortal = FE7E33A92FAB95EA0063F699 /* Project object */;
			proxyType = 1;
			remoteGlobalIDString = FE7E33B02FAB95EA0063F699;
			remoteInfo = teamgenerator;
		};
		FE7E33C92FAB95ED0063F699 /* PBXContainerItemProxy */ = {
			isa = PBXContainerItemProxy;
			containerPortal = FE7E33A92FAB95EA0063F699 /* Project object */;
			proxyType = 1;
			remoteGlobalIDString = FE7E33B02FAB95EA0063F699;
			remoteInfo = teamgenerator;
		};
/* End PBXContainerItemProxy section */

/* Begin PBXFileReference section */
		DF6127492FC90EE8001A2CD9 /* GroupCardView.swift */ = {isa = PBXFileReference; lastKnownFileType = sourcecode.swift; path = GroupCardView.swift; sourceTree = "<group>"; };
		DF61274A2FC90EE8001A2CD9 /* GroupView.swift */ = {isa = PBXFileReference; lastKnownFileType = sourcecode.swift; path = GroupView.swift; sourceTree = "<group>"; };
		DF61274D2FC90EE8001A2CD9 /* Group.swift */ = {isa = PBXFileReference; lastKnownFileType = sourcecode.swift; path = Group.swift; sourceTree = "<group>"; };
		DF61274E2FC90EE8001A2CD9 /* Player.swift */ = {isa = PBXFileReference; lastKnownFileType = sourcecode.swift; path = Player.swift; sourceTree = "<group>"; };
		DF61274F2FC90EE8001A2CD9 /* Team.swift */ = {isa = PBXFileReference; lastKnownFileType = sourcecode.swift; path = Team.swift; sourceTree = "<group>"; };
		DF6127512FC90EE8001A2CD9 /* GroupManager.swift */ = {isa = PBXFileReference; lastKnownFileType = sourcecode.swift; path = GroupManager.swift; sourceTree = "<group>"; };
		DF6127522FC90EE8001A2CD9 /* GroupViewModel.swift */ = {isa = PBXFileReference; lastKnownFileType = sourcecode.swift; path = GroupViewModel.swift; sourceTree = "<group>"; };
		DF6127542FC90EE8001A2CD9 /* Assets.xcassets */ = {isa = PBXFileReference; lastKnownFileType = folder.assetcatalog; path = Assets.xcassets; sourceTree = "<group>"; };
		DF6127562FC90EE8001A2CD9 /* teamgeneratorApp.swift */ = {isa = PBXFileReference; lastKnownFileType = sourcecode.swift; path = teamgeneratorApp.swift; sourceTree = "<group>"; };
		DF6127752FC91693001A2CD9 /* GroupHeaderView.swift */ = {isa = PBXFileReference; lastKnownFileType = sourcecode.swift; path = GroupHeaderView.swift; sourceTree = "<group>"; };
		DF6127772FC918A2001A2CD9 /* Colors.xcassets */ = {isa = PBXFileReference; lastKnownFileType = folder.assetcatalog; path = Colors.xcassets; sourceTree = "<group>"; };
		DF6127792FC91C98001A2CD9 /* GroupViewState.swift */ = {isa = PBXFileReference; lastKnownFileType = sourcecode.swift; path = GroupViewState.swift; sourceTree = "<group>"; };
		DF61277B2FC91CAF001A2CD9 /* GroupViewModelProtocol.swift */ = {isa = PBXFileReference; lastKnownFileType = sourcecode.swift; path = GroupViewModelProtocol.swift; sourceTree = "<group>"; };
		FE7E33B12FAB95EA0063F699 /* teamgenerator.app */ = {isa = PBXFileReference; explicitFileType = wrapper.application; includeInIndex = 0; path = teamgenerator.app; sourceTree = BUILT_PRODUCTS_DIR; };
		FE7E33BE2FAB95ED0063F699 /* teamgeneratorTests.xctest */ = {isa = PBXFileReference; explicitFileType = wrapper.cfbundle; includeInIndex = 0; path = teamgeneratorTests.xctest; sourceTree = BUILT_PRODUCTS_DIR; };
		FE7E33C82FAB95ED0063F699 /* teamgeneratorUITests.xctest */ = {isa = PBXFileReference; explicitFileType = wrapper.cfbundle; includeInIndex = 0; path = teamgeneratorUITests.xctest; sourceTree = BUILT_PRODUCTS_DIR; };
/* End PBXFileReference section */

/* Begin PBXFileSystemSynchronizedRootGroup section */
		FE7E33C12FAB95ED0063F699 /* teamgeneratorTests */ = {
			isa = PBXFileSystemSynchronizedRootGroup;
			path = teamgeneratorTests;
			sourceTree = "<group>";
		};
		FE7E33CB2FAB95ED0063F699 /* teamgeneratorUITests */ = {
			isa = PBXFileSystemSynchronizedRootGroup;
			path = teamgeneratorUITests;
			sourceTree = "<group>";
		};
/* End PBXFileSystemSynchronizedRootGroup section */

/* Begin PBXFrameworksBuildPhase section */
		FE7E33AE2FAB95EA0063F699 /* Frameworks */ = {
			isa = PBXFrameworksBuildPhase;
			buildActionMask = 2147483647;
			files = (
			);
			runOnlyForDeploymentPostprocessing = 0;
		};
		FE7E33BB2FAB95ED0063F699 /* Frameworks */ = {
			isa = PBXFrameworksBuildPhase;
			buildActionMask = 2147483647;
			files = (
			);
			runOnlyForDeploymentPostprocessing = 0;
		};
		FE7E33C52FAB95ED0063F699 /* Frameworks */ = {
			isa = PBXFrameworksBuildPhase;
			buildActionMask = 2147483647;
			files = (
			);
			runOnlyForDeploymentPostprocessing = 0;
		};
/* End PBXFrameworksBuildPhase section */

/* Begin PBXGroup section */
		DF6127682FC913D9001A2CD9 /* Scenes */ = {
			isa = PBXGroup;
			children = (
				DF61276B2FC91476001A2CD9 /* Groups */,
				DF6127692FC913F4001A2CD9 /* Players */,
			);
			path = Scenes;
			sourceTree = "<group>";
		};
		DF6127692FC913F4001A2CD9 /* Players */ = {
			isa = PBXGroup;
			children = (
				DF61276A2FC91439001A2CD9 /* PlayerCell */,
			);
			path = Players;
			sourceTree = "<group>";
		};
		DF61276A2FC91439001A2CD9 /* PlayerCell */ = {
			isa = PBXGroup;
			children = (
			);
			path = PlayerCell;
			sourceTree = "<group>";
		};
		DF61276B2FC91476001A2CD9 /* Groups */ = {
			isa = PBXGroup;
			children = (
				DF6127712FC91584001A2CD9 /* Architecture */,
				DF6127702FC914D5001A2CD9 /* ViewModel */,
				DF61276C2FC91489001A2CD9 /* View */,
			);
			path = Groups;
			sourceTree = "<group>";
		};
		DF61276C2FC91489001A2CD9 /* View */ = {
			isa = PBXGroup;
			children = (
				DF61276D2FC91490001A2CD9 /* SubViews */,
				DF61274A2FC90EE8001A2CD9 /* GroupView.swift */,
				DF6127792FC91C98001A2CD9 /* GroupViewState.swift */,
			);
			path = View;
			sourceTree = "<group>";
		};
		DF61276D2FC91490001A2CD9 /* SubViews */ = {
			isa = PBXGroup;
			children = (
				DF6127492FC90EE8001A2CD9 /* GroupCardView.swift */,
				DF6127752FC91693001A2CD9 /* GroupHeaderView.swift */,
			);
			path = SubViews;
			sourceTree = "<group>";
		};
		DF61276E2FC914A4001A2CD9 /* Model */ = {
			isa = PBXGroup;
			children = (
				DF61274F2FC90EE8001A2CD9 /* Team.swift */,
				DF61274E2FC90EE8001A2CD9 /* Player.swift */,
				DF61274D2FC90EE8001A2CD9 /* Group.swift */,
			);
			path = Model;
			sourceTree = "<group>";
		};
		DF61276F2FC914B7001A2CD9 /* Manager */ = {
			isa = PBXGroup;
			children = (
				DF6127512FC90EE8001A2CD9 /* GroupManager.swift */,
			);
			path = Manager;
			sourceTree = "<group>";
		};
		DF6127702FC914D5001A2CD9 /* ViewModel */ = {
			isa = PBXGroup;
			children = (
				DF6127522FC90EE8001A2CD9 /* GroupViewModel.swift */,
				DF61277B2FC91CAF001A2CD9 /* GroupViewModelProtocol.swift */,
			);
			path = ViewModel;
			sourceTree = "<group>";
		};
		DF6127712FC91584001A2CD9 /* Architecture */ = {
			isa = PBXGroup;
			children = (
				DF61276E2FC914A4001A2CD9 /* Model */,
				DF61276F2FC914B7001A2CD9 /* Manager */,
			);
			path = Architecture;
			sourceTree = "<group>";
		};
		DF6127722FC915C3001A2CD9 /* Resources */ = {
			isa = PBXGroup;
			children = (
				DF6127542FC90EE8001A2CD9 /* Assets.xcassets */,
				DF6127772FC918A2001A2CD9 /* Colors.xcassets */,
			);
			path = Resources;
			sourceTree = "<group>";
		};
		DF6127732FC915D5001A2CD9 /* App */ = {
			isa = PBXGroup;
			children = (
				DF6127562FC90EE8001A2CD9 /* teamgeneratorApp.swift */,
			);
			path = App;
			sourceTree = "<group>";
		};
		FE7E33A82FAB95EA0063F699 = {
			isa = PBXGroup;
			children = (
				DF6127732FC915D5001A2CD9 /* App */,
				DF6127722FC915C3001A2CD9 /* Resources */,
				DF6127682FC913D9001A2CD9 /* Scenes */,
				FE7E33C12FAB95ED0063F699 /* teamgeneratorTests */,
				FE7E33CB2FAB95ED0063F699 /* teamgeneratorUITests */,
				FE7E33B22FAB95EA0063F699 /* Products */,
			);
			sourceTree = "<group>";
		};
		FE7E33B22FAB95EA0063F699 /* Products */ = {
			isa = PBXGroup;
			children = (
				FE7E33B12FAB95EA0063F699 /* teamgenerator.app */,
				FE7E33BE2FAB95ED0063F699 /* teamgeneratorTests.xctest */,
				FE7E33C82FAB95ED0063F699 /* teamgeneratorUITests.xctest */,
			);
			name = Products;
			sourceTree = "<group>";
		};
/* End PBXGroup section */

/* Begin PBXNativeTarget section */
		FE7E33B02FAB95EA0063F699 /* teamgenerator */ = {
			isa = PBXNativeTarget;
			buildConfigurationList = FE7E33D22FAB95ED0063F699 /* Build configuration list for PBXNativeTarget "teamgenerator" */;
			buildPhases = (
				FE7E33AD2FAB95EA0063F699 /* Sources */,
				FE7E33AE2FAB95EA0063F699 /* Frameworks */,
				FE7E33AF2FAB95EA0063F699 /* Resources */,
			);
			buildRules = (
			);
			dependencies = (
			);
			name = teamgenerator;
			packageProductDependencies = (
			);
			productName = teamgenerator;
			productReference = FE7E33B12FAB95EA0063F699 /* teamgenerator.app */;
			productType = "com.apple.product-type.application";
		};
		FE7E33BD2FAB95ED0063F699 /* teamgeneratorTests */ = {
			isa = PBXNativeTarget;
			buildConfigurationList = FE7E33D52FAB95ED0063F699 /* Build configuration list for PBXNativeTarget "teamgeneratorTests" */;
			buildPhases = (
				FE7E33BA2FAB95ED0063F699 /* Sources */,
				FE7E33BB2FAB95ED0063F699 /* Frameworks */,
				FE7E33BC2FAB95ED0063F699 /* Resources */,
			);
			buildRules = (
			);
			dependencies = (
				FE7E33C02FAB95ED0063F699 /* PBXTargetDependency */,
			);
			fileSystemSynchronizedGroups = (
				FE7E33C12FAB95ED0063F699 /* teamgeneratorTests */,
			);
			name = teamgeneratorTests;
			packageProductDependencies = (
			);
			productName = teamgeneratorTests;
			productReference = FE7E33BE2FAB95ED0063F699 /* teamgeneratorTests.xctest */;
			productType = "com.apple.product-type.bundle.unit-test";
		};
		FE7E33C72FAB95ED0063F699 /* teamgeneratorUITests */ = {
			isa = PBXNativeTarget;
			buildConfigurationList = FE7E33D82FAB95ED0063F699 /* Build configuration list for PBXNativeTarget "teamgeneratorUITests" */;
			buildPhases = (
				FE7E33C42FAB95ED0063F699 /* Sources */,
				FE7E33C52FAB95ED0063F699 /* Frameworks */,
				FE7E33C62FAB95ED0063F699 /* Resources */,
			);
			buildRules = (
			);
			dependencies = (
				FE7E33CA2FAB95ED0063F699 /* PBXTargetDependency */,
			);
			fileSystemSynchronizedGroups = (
				FE7E33CB2FAB95ED0063F699 /* teamgeneratorUITests */,
			);
			name = teamgeneratorUITests;
			packageProductDependencies = (
			);
			productName = teamgeneratorUITests;
			productReference = FE7E33C82FAB95ED0063F699 /* teamgeneratorUITests.xctest */;
			productType = "com.apple.product-type.bundle.ui-testing";
		};
/* End PBXNativeTarget section */

/* Begin PBXProject section */
		FE7E33A92FAB95EA0063F699 /* Project object */ = {
			isa = PBXProject;
			attributes = {
				BuildIndependentTargetsInParallel = 1;
				LastSwiftUpdateCheck = 2630;
				LastUpgradeCheck = 2630;
				TargetAttributes = {
					FE7E33B02FAB95EA0063F699 = {
						CreatedOnToolsVersion = 26.3;
					};
					FE7E33BD2FAB95ED0063F699 = {
						CreatedOnToolsVersion = 26.3;
						TestTargetID = FE7E33B02FAB95EA0063F699;
					};
					FE7E33C72FAB95ED0063F699 = {
						CreatedOnToolsVersion = 26.3;
						TestTargetID = FE7E33B02FAB95EA0063F699;
					};
				};
			};
			buildConfigurationList = FE7E33AC2FAB95EA0063F699 /* Build configuration list for PBXProject "teamgenerator" */;
			developmentRegion = en;
			hasScannedForEncodings = 0;
			knownRegions = (
				en,
				Base,
			);
			mainGroup = FE7E33A82FAB95EA0063F699;
			minimizedProjectReferenceProxies = 1;
			preferredProjectObjectVersion = 77;
			productRefGroup = FE7E33B22FAB95EA0063F699 /* Products */;
			projectDirPath = "";
			projectRoot = "";
			targets = (
				FE7E33B02FAB95EA0063F699 /* teamgenerator */,
				FE7E33BD2FAB95ED0063F699 /* teamgeneratorTests */,
				FE7E33C72FAB95ED0063F699 /* teamgeneratorUITests */,
			);
		};
/* End PBXProject section */

/* Begin PBXResourcesBuildPhase section */
		FE7E33AF2FAB95EA0063F699 /* Resources */ = {
			isa = PBXResourcesBuildPhase;
			buildActionMask = 2147483647;
			files = (
				DF6127602FC90EE8001A2CD9 /* Assets.xcassets in Resources */,
				DF6127782FC918A2001A2CD9 /* Colors.xcassets in Resources */,
			);
			runOnlyForDeploymentPostprocessing = 0;
		};
		FE7E33BC2FAB95ED0063F699 /* Resources */ = {
			isa = PBXResourcesBuildPhase;
			buildActionMask = 2147483647;
			files = (
			);
			runOnlyForDeploymentPostprocessing = 0;
		};
		FE7E33C62FAB95ED0063F699 /* Resources */ = {
			isa = PBXResourcesBuildPhase;
			buildActionMask = 2147483647;
			files = (
			);
			runOnlyForDeploymentPostprocessing = 0;
		};
/* End PBXResourcesBuildPhase section */

/* Begin PBXSourcesBuildPhase section */
		FE7E33AD2FAB95EA0063F699 /* Sources */ = {
			isa = PBXSourcesBuildPhase;
			buildActionMask = 2147483647;
			files = (
				DF61277A2FC91C98001A2CD9 /* GroupViewState.swift in Sources */,
				DF6127572FC90EE8001A2CD9 /* GroupCardView.swift in Sources */,
				DF6127582FC90EE8001A2CD9 /* GroupView.swift in Sources */,
				DF6127592FC90EE8001A2CD9 /* Group.swift in Sources */,
				DF6127762FC91693001A2CD9 /* GroupHeaderView.swift in Sources */,
				DF61275A2FC90EE8001A2CD9 /* Player.swift in Sources */,
				DF61275B2FC90EE8001A2CD9 /* Team.swift in Sources */,
				DF61275C2FC90EE8001A2CD9 /* GroupManager.swift in Sources */,
				DF61275D2FC90EE8001A2CD9 /* GroupViewModel.swift in Sources */,
				DF61277C2FC91CAF001A2CD9 /* GroupViewModelProtocol.swift in Sources */,
				DF61275F2FC90EE8001A2CD9 /* teamgeneratorApp.swift in Sources */,
			);
			runOnlyForDeploymentPostprocessing = 0;
		};
		FE7E33BA2FAB95ED0063F699 /* Sources */ = {
			isa = PBXSourcesBuildPhase;
			buildActionMask = 2147483647;
			files = (
			);
			runOnlyForDeploymentPostprocessing = 0;
		};
		FE7E33C42FAB95ED0063F699 /* Sources */ = {
			isa = PBXSourcesBuildPhase;
			buildActionMask = 2147483647;
			files = (
			);
			runOnlyForDeploymentPostprocessing = 0;
		};
/* End PBXSourcesBuildPhase section */

/* Begin PBXTargetDependency section */
		FE7E33C02FAB95ED0063F699 /* PBXTargetDependency */ = {
			isa = PBXTargetDependency;
			target = FE7E33B02FAB95EA0063F699 /* teamgenerator */;
			targetProxy = FE7E33BF2FAB95ED0063F699 /* PBXContainerItemProxy */;
		};
		FE7E33CA2FAB95ED0063F699 /* PBXTargetDependency */ = {
			isa = PBXTargetDependency;
			target = FE7E33B02FAB95EA0063F699 /* teamgenerator */;
			targetProxy = FE7E33C92FAB95ED0063F699 /* PBXContainerItemProxy */;
		};
/* End PBXTargetDependency section */

/* Begin XCBuildConfiguration section */
		FE7E33D02FAB95ED0063F699 /* Debug */ = {
			isa = XCBuildConfiguration;
			buildSettings = {
				ALWAYS_SEARCH_USER_PATHS = NO;
				ASSETCATALOG_COMPILER_GENERATE_SWIFT_ASSET_SYMBOL_EXTENSIONS = YES;
				CLANG_ANALYZER_NONNULL = YES;
				CLANG_ANALYZER_NUMBER_OBJECT_CONVERSION = YES_AGGRESSIVE;
				CLANG_CXX_LANGUAGE_STANDARD = "gnu++20";
				CLANG_ENABLE_MODULES = YES;
				CLANG_ENABLE_OBJC_ARC = YES;
				CLANG_ENABLE_OBJC_WEAK = YES;
				CLANG_WARN_BLOCK_CAPTURE_AUTORELEASING = YES;
				CLANG_WARN_BOOL_CONVERSION = YES;
				CLANG_WARN_COMMA = YES;
				CLANG_WARN_CONSTANT_CONVERSION = YES;
				CLANG_WARN_DEPRECATED_OBJC_IMPLEMENTATIONS = YES;
				CLANG_WARN_DIRECT_OBJC_ISA_USAGE = YES_ERROR;
				CLANG_WARN_DOCUMENTATION_COMMENTS = YES;
				CLANG_WARN_EMPTY_BODY = YES;
				CLANG_WARN_ENUM_CONVERSION = YES;
				CLANG_WARN_INFINITE_RECURSION = YES;
				CLANG_WARN_INT_CONVERSION = YES;
				CLANG_WARN_NON_LITERAL_NULL_CONVERSION = YES;
				CLANG_WARN_OBJC_IMPLICIT_RETAIN_SELF = YES;
				CLANG_WARN_OBJC_LITERAL_CONVERSION = YES;
				CLANG_WARN_OBJC_ROOT_CLASS = YES_ERROR;
				CLANG_WARN_QUOTED_INCLUDE_IN_FRAMEWORK_HEADER = YES;
				CLANG_WARN_RANGE_LOOP_ANALYSIS = YES;
				CLANG_WARN_STRICT_PROTOTYPES = YES;
				CLANG_WARN_SUSPICIOUS_MOVE = YES;
				CLANG_WARN_UNGUARDED_AVAILABILITY = YES_AGGRESSIVE;
				CLANG_WARN_UNREACHABLE_CODE = YES;
				CLANG_WARN__DUPLICATE_METHOD_MATCH = YES;
				COPY_PHASE_STRIP = NO;
				DEBUG_INFORMATION_FORMAT = dwarf;
				DEVELOPMENT_TEAM = 2F76W2UP3Q;
				ENABLE_STRICT_OBJC_MSGSEND = YES;
				ENABLE_TESTABILITY = YES;
				ENABLE_USER_SCRIPT_SANDBOXING = YES;
				GCC_C_LANGUAGE_STANDARD = gnu17;
				GCC_DYNAMIC_NO_PIC = NO;
				GCC_NO_COMMON_BLOCKS = YES;
				GCC_OPTIMIZATION_LEVEL = 0;
				GCC_PREPROCESSOR_DEFINITIONS = (
					"DEBUG=1",
					"$(inherited)",
				);
				GCC_WARN_64_TO_32_BIT_CONVERSION = YES;
				GCC_WARN_ABOUT_RETURN_TYPE = YES_ERROR;
				GCC_WARN_UNDECLARED_SELECTOR = YES;
				GCC_WARN_UNINITIALIZED_AUTOS = YES_AGGRESSIVE;
				GCC_WARN_UNUSED_FUNCTION = YES;
				GCC_WARN_UNUSED_VARIABLE = YES;
				IPHONEOS_DEPLOYMENT_TARGET = 26.2;
				LOCALIZATION_PREFERS_STRING_CATALOGS = YES;
				MTL_ENABLE_DEBUG_INFO = INCLUDE_SOURCE;
				MTL_FAST_MATH = YES;
				ONLY_ACTIVE_ARCH = YES;
				SDKROOT = iphoneos;
				SWIFT_ACTIVE_COMPILATION_CONDITIONS = "DEBUG $(inherited)";
				SWIFT_OPTIMIZATION_LEVEL = "-Onone";
			};
			name = Debug;
		};
		FE7E33D12FAB95ED0063F699 /* Release */ = {
			isa = XCBuildConfiguration;
			buildSettings = {
				ALWAYS_SEARCH_USER_PATHS = NO;
				ASSETCATALOG_COMPILER_GENERATE_SWIFT_ASSET_SYMBOL_EXTENSIONS = YES;
				CLANG_ANALYZER_NONNULL = YES;
				CLANG_ANALYZER_NUMBER_OBJECT_CONVERSION = YES_AGGRESSIVE;
				CLANG_CXX_LANGUAGE_STANDARD = "gnu++20";
				CLANG_ENABLE_MODULES = YES;
				CLANG_ENABLE_OBJC_ARC = YES;
				CLANG_ENABLE_OBJC_WEAK = YES;
				CLANG_WARN_BLOCK_CAPTURE_AUTORELEASING = YES;
				CLANG_WARN_BOOL_CONVERSION = YES;
				CLANG_WARN_COMMA = YES;
				CLANG_WARN_CONSTANT_CONVERSION = YES;
				CLANG_WARN_DEPRECATED_OBJC_IMPLEMENTATIONS = YES;
				CLANG_WARN_DIRECT_OBJC_ISA_USAGE = YES_ERROR;
				CLANG_WARN_DOCUMENTATION_COMMENTS = YES;
				CLANG_WARN_EMPTY_BODY = YES;
				CLANG_WARN_ENUM_CONVERSION = YES;
				CLANG_WARN_INFINITE_RECURSION = YES;
				CLANG_WARN_INT_CONVERSION = YES;
				CLANG_WARN_NON_LITERAL_NULL_CONVERSION = YES;
				CLANG_WARN_OBJC_IMPLICIT_RETAIN_SELF = YES;
				CLANG_WARN_OBJC_LITERAL_CONVERSION = YES;
				CLANG_WARN_OBJC_ROOT_CLASS = YES_ERROR;
				CLANG_WARN_QUOTED_INCLUDE_IN_FRAMEWORK_HEADER = YES;
				CLANG_WARN_RANGE_LOOP_ANALYSIS = YES;
				CLANG_WARN_STRICT_PROTOTYPES = YES;
				CLANG_WARN_SUSPICIOUS_MOVE = YES;
				CLANG_WARN_UNGUARDED_AVAILABILITY = YES_AGGRESSIVE;
				CLANG_WARN_UNREACHABLE_CODE = YES;
				CLANG_WARN__DUPLICATE_METHOD_MATCH = YES;
				COPY_PHASE_STRIP = NO;
				DEBUG_INFORMATION_FORMAT = "dwarf-with-dsym";
				DEVELOPMENT_TEAM = 2F76W2UP3Q;
				ENABLE_NS_ASSERTIONS = NO;
				ENABLE_STRICT_OBJC_MSGSEND = YES;
				ENABLE_USER_SCRIPT_SANDBOXING = YES;
				GCC_C_LANGUAGE_STANDARD = gnu17;
				GCC_NO_COMMON_BLOCKS = YES;
				GCC_WARN_64_TO_32_BIT_CONVERSION = YES;
				GCC_WARN_ABOUT_RETURN_TYPE = YES_ERROR;
				GCC_WARN_UNDECLARED_SELECTOR = YES;
				GCC_WARN_UNINITIALIZED_AUTOS = YES_AGGRESSIVE;
				GCC_WARN_UNUSED_FUNCTION = YES;
				GCC_WARN_UNUSED_VARIABLE = YES;
				IPHONEOS_DEPLOYMENT_TARGET = 26.2;
				LOCALIZATION_PREFERS_STRING_CATALOGS = YES;
				MTL_ENABLE_DEBUG_INFO = NO;
				MTL_FAST_MATH = YES;
				SDKROOT = iphoneos;
				SWIFT_COMPILATION_MODE = wholemodule;
				VALIDATE_PRODUCT = YES;
			};
			name = Release;
		};
		FE7E33D32FAB95ED0063F699 /* Debug */ = {
			isa = XCBuildConfiguration;
			buildSettings = {
				ASSETCATALOG_COMPILER_APPICON_NAME = AppIcon;
				ASSETCATALOG_COMPILER_GLOBAL_ACCENT_COLOR_NAME = AccentColor;
				BUILD_DIR = "$(SRCROOT)/build";
				CODE_SIGN_STYLE = Automatic;
				CURRENT_PROJECT_VERSION = 1;
				DEVELOPMENT_TEAM = 2ANN3WL84D;
				ENABLE_PREVIEWS = YES;
				GENERATE_INFOPLIST_FILE = YES;
				INFOPLIST_KEY_UIApplicationSceneManifest_Generation = YES;
				INFOPLIST_KEY_UIApplicationSupportsIndirectInputEvents = YES;
				INFOPLIST_KEY_UILaunchScreen_Generation = YES;
				INFOPLIST_KEY_UISupportedInterfaceOrientations = UIInterfaceOrientationPortrait;
				IPHONEOS_DEPLOYMENT_TARGET = 17.0;
				LD_RUNPATH_SEARCH_PATHS = (
					"$(inherited)",
					"@executable_path/Frameworks",
				);
				MARKETING_VERSION = 1.0;
				PRODUCT_BUNDLE_IDENTIFIER = com.pauloroberto.teamgenerator;
				PRODUCT_NAME = "$(TARGET_NAME)";
				STRING_CATALOG_GENERATE_SYMBOLS = YES;
				SWIFT_APPROACHABLE_CONCURRENCY = YES;
				SWIFT_DEFAULT_ACTOR_ISOLATION = MainActor;
				SWIFT_EMIT_LOC_STRINGS = YES;
				SWIFT_UPCOMING_FEATURE_MEMBER_IMPORT_VISIBILITY = YES;
				SWIFT_VERSION = 5.0;
				TARGETED_DEVICE_FAMILY = "1,2";
			};
			name = Debug;
		};
		FE7E33D42FAB95ED0063F699 /* Release */ = {
			isa = XCBuildConfiguration;
			buildSettings = {
				ASSETCATALOG_COMPILER_APPICON_NAME = AppIcon;
				ASSETCATALOG_COMPILER_GLOBAL_ACCENT_COLOR_NAME = AccentColor;
				BUILD_DIR = "$(SRCROOT)/build";
				CODE_SIGN_STYLE = Automatic;
				CURRENT_PROJECT_VERSION = 1;
				DEVELOPMENT_TEAM = 2ANN3WL84D;
				ENABLE_PREVIEWS = YES;
				GENERATE_INFOPLIST_FILE = YES;
				INFOPLIST_KEY_UIApplicationSceneManifest_Generation = YES;
				INFOPLIST_KEY_UIApplicationSupportsIndirectInputEvents = YES;
				INFOPLIST_KEY_UILaunchScreen_Generation = YES;
				INFOPLIST_KEY_UISupportedInterfaceOrientations = UIInterfaceOrientationPortrait;
				IPHONEOS_DEPLOYMENT_TARGET = 17.0;
				LD_RUNPATH_SEARCH_PATHS = (
					"$(inherited)",
					"@executable_path/Frameworks",
				);
				MARKETING_VERSION = 1.0;
				PRODUCT_BUNDLE_IDENTIFIER = com.pauloroberto.teamgenerator;
				PRODUCT_NAME = "$(TARGET_NAME)";
				STRING_CATALOG_GENERATE_SYMBOLS = YES;
				SWIFT_APPROACHABLE_CONCURRENCY = YES;
				SWIFT_DEFAULT_ACTOR_ISOLATION = MainActor;
				SWIFT_EMIT_LOC_STRINGS = YES;
				SWIFT_UPCOMING_FEATURE_MEMBER_IMPORT_VISIBILITY = YES;
				SWIFT_VERSION = 5.0;
				TARGETED_DEVICE_FAMILY = "1,2";
			};
			name = Release;
		};
		FE7E33D62FAB95ED0063F699 /* Debug */ = {
			isa = XCBuildConfiguration;
			buildSettings = {
				BUNDLE_LOADER = "$(TEST_HOST)";
				CODE_SIGN_STYLE = Automatic;
				CURRENT_PROJECT_VERSION = 1;
				DEVELOPMENT_TEAM = 2F76W2UP3Q;
				GENERATE_INFOPLIST_FILE = YES;
				IPHONEOS_DEPLOYMENT_TARGET = 26.2;
				MARKETING_VERSION = 1.0;
				PRODUCT_BUNDLE_IDENTIFIER = com.pauloroberto.teamgeneratorTests;
				PRODUCT_NAME = "$(TARGET_NAME)";
				STRING_CATALOG_GENERATE_SYMBOLS = NO;
				SWIFT_APPROACHABLE_CONCURRENCY = YES;
				SWIFT_EMIT_LOC_STRINGS = NO;
				SWIFT_UPCOMING_FEATURE_MEMBER_IMPORT_VISIBILITY = YES;
				SWIFT_VERSION = 5.0;
				TARGETED_DEVICE_FAMILY = "1,2";
				TEST_HOST = "$(BUILT_PRODUCTS_DIR)/teamgenerator.app/$(BUNDLE_EXECUTABLE_FOLDER_PATH)/teamgenerator";
			};
			name = Debug;
		};
		FE7E33D72FAB95ED0063F699 /* Release */ = {
			isa = XCBuildConfiguration;
			buildSettings = {
				BUNDLE_LOADER = "$(TEST_HOST)";
				CODE_SIGN_STYLE = Automatic;
				CURRENT_PROJECT_VERSION = 1;
				DEVELOPMENT_TEAM = 2F76W2UP3Q;
				GENERATE_INFOPLIST_FILE = YES;
				IPHONEOS_DEPLOYMENT_TARGET = 26.2;
				MARKETING_VERSION = 1.0;
				PRODUCT_BUNDLE_IDENTIFIER = com.pauloroberto.teamgeneratorTests;
				PRODUCT_NAME = "$(TARGET_NAME)";
				STRING_CATALOG_GENERATE_SYMBOLS = NO;
				SWIFT_APPROACHABLE_CONCURRENCY = YES;
				SWIFT_EMIT_LOC_STRINGS = NO;
				SWIFT_UPCOMING_FEATURE_MEMBER_IMPORT_VISIBILITY = YES;
				SWIFT_VERSION = 5.0;
				TARGETED_DEVICE_FAMILY = "1,2";
				TEST_HOST = "$(BUILT_PRODUCTS_DIR)/teamgenerator.app/$(BUNDLE_EXECUTABLE_FOLDER_PATH)/teamgenerator";
			};
			name = Release;
		};
		FE7E33D92FAB95ED0063F699 /* Debug */ = {
			isa = XCBuildConfiguration;
			buildSettings = {
				CODE_SIGN_STYLE = Automatic;
				CURRENT_PROJECT_VERSION = 1;
				DEVELOPMENT_TEAM = 2F76W2UP3Q;
				GENERATE_INFOPLIST_FILE = YES;
				MARKETING_VERSION = 1.0;
				PRODUCT_BUNDLE_IDENTIFIER = com.pauloroberto.teamgeneratorUITests;
				PRODUCT_NAME = "$(TARGET_NAME)";
				STRING_CATALOG_GENERATE_SYMBOLS = NO;
				SWIFT_APPROACHABLE_CONCURRENCY = YES;
				SWIFT_EMIT_LOC_STRINGS = NO;
				SWIFT_UPCOMING_FEATURE_MEMBER_IMPORT_VISIBILITY = YES;
				SWIFT_VERSION = 5.0;
				TARGETED_DEVICE_FAMILY = "1,2";
				TEST_TARGET_NAME = teamgenerator;
			};
			name = Debug;
		};
		FE7E33DA2FAB95ED0063F699 /* Release */ = {
			isa = XCBuildConfiguration;
			buildSettings = {
				CODE_SIGN_STYLE = Automatic;
				CURRENT_PROJECT_VERSION = 1;
				DEVELOPMENT_TEAM = 2F76W2UP3Q;
				GENERATE_INFOPLIST_FILE = YES;
				MARKETING_VERSION = 1.0;
				PRODUCT_BUNDLE_IDENTIFIER = com.pauloroberto.teamgeneratorUITests;
				PRODUCT_NAME = "$(TARGET_NAME)";
				STRING_CATALOG_GENERATE_SYMBOLS = NO;
				SWIFT_APPROACHABLE_CONCURRENCY = YES;
				SWIFT_EMIT_LOC_STRINGS = NO;
				SWIFT_UPCOMING_FEATURE_MEMBER_IMPORT_VISIBILITY = YES;
				SWIFT_VERSION = 5.0;
				TARGETED_DEVICE_FAMILY = "1,2";
				TEST_TARGET_NAME = teamgenerator;
			};
			name = Release;
		};
/* End XCBuildConfiguration section */

/* Begin XCConfigurationList section */
		FE7E33AC2FAB95EA0063F699 /* Build configuration list for PBXProject "teamgenerator" */ = {
			isa = XCConfigurationList;
			buildConfigurations = (
				FE7E33D02FAB95ED0063F699 /* Debug */,
				FE7E33D12FAB95ED0063F699 /* Release */,
			);
			defaultConfigurationIsVisible = 0;
			defaultConfigurationName = Release;
		};
		FE7E33D22FAB95ED0063F699 /* Build configuration list for PBXNativeTarget "teamgenerator" */ = {
			isa = XCConfigurationList;
			buildConfigurations = (
				FE7E33D32FAB95ED0063F699 /* Debug */,
				FE7E33D42FAB95ED0063F699 /* Release */,
			);
			defaultConfigurationIsVisible = 0;
			defaultConfigurationName = Release;
		};
		FE7E33D52FAB95ED0063F699 /* Build configuration list for PBXNativeTarget "teamgeneratorTests" */ = {
			isa = XCConfigurationList;
			buildConfigurations = (
				FE7E33D62FAB95ED0063F699 /* Debug */,
				FE7E33D72FAB95ED0063F699 /* Release */,
			);
			defaultConfigurationIsVisible = 0;
			defaultConfigurationName = Release;
		};
		FE7E33D82FAB95ED0063F699 /* Build configuration list for PBXNativeTarget "teamgeneratorUITests" */ = {
			isa = XCConfigurationList;
			buildConfigurations = (
				FE7E33D92FAB95ED0063F699 /* Debug */,
				FE7E33DA2FAB95ED0063F699 /* Release */,
			);
			defaultConfigurationIsVisible = 0;
			defaultConfigurationName = Release;
		};
/* End XCConfigurationList section */
	};
	rootObject = FE7E33A92FAB95EA0063F699 /* Project object */;
}
